
Microsoft Visual Studio Solution File, Format Version 12.00
# Visual Studio Version 17
VisualStudioVersion = 17.3.32901.215
MinimumVisualStudioVersion = 10.0.40219.1
Project("{9A19103F-16F7-4668-BE54-9A1E7A4F7556}") = "IdrugWeb", "IdrugWeb\IdrugWeb.csproj", "{0BD90264-2C0E-40CB-93AF-1A45197791E1}"
EndProject
Project("{9A19103F-16F7-4668-BE54-9A1E7A4F7556}") = "Service", "Service\Service.csproj", "{95E9B878-3CB9-437B-A71E-B90B71D332B4}"
EndProject
Project("{9A19103F-16F7-4668-BE54-9A1E7A4F7556}") = "Core", "Core\Core.csproj", "{F5E9BE65-14E5-4AFF-9AE3-B86080E57090}"
EndProject
Project("{9A19103F-16F7-4668-BE54-9A1E7A4F7556}") = "IdrugWebTests", "IdrugWebTests\IdrugWebTests.csproj", "{B5A07F44-01CE-48BD-9DE2-3250B6A267F0}"
EndProject
Project("{FAE04EC0-301F-11D3-BF4B-00C04F79EFBC}") = "ServiceTests", "ServiceTests\ServiceTests.csproj", "{56788FA2-664A-430C-B209-4E463AFE33A3}"
EndProject
Global
	GlobalSection(SolutionConfigurationPlatforms) = preSolution
		Debug|Any CPU = Debug|Any CPU
		Release|Any CPU = Release|Any CPU
	EndGlobalSection
	GlobalSection(ProjectConfigurationPlatforms) = postSolution
		{0BD90264-2C0E-40CB-93AF-1A45197791E1}.Debug|Any CPU.ActiveCfg = Debug|Any CPU
		{0BD90264-2C0E-40CB-93AF-1A45197791E1}.Debug|Any CPU.Build.0 = Debug|Any CPU
		{0BD90264-2C0E-40CB-93AF-1A45197791E1}.Release|Any CPU.ActiveCfg = Release|Any CPU
		{0BD90264-2C0E-40CB-93AF-1A45197791E1}.Release|Any CPU.Build.0 = Release|Any CPU
		{95E9B878-3CB9-437B-A71E-B90B71D332B4}.Debug|Any CPU.ActiveCfg = Debug|Any CPU
		{95E9B878-3CB9-437B-A71E-B90B71D332B4}.Debug|Any CPU.Build.0 = Debug|Any CPU
		{95E9B878-3CB9-437B-A71E-B90B71D332B4}.Release|Any CPU.ActiveCfg = Release|Any CPU
		{95E9B878-3CB9-437B-A71E-B90B71D332B4}.Release|Any CPU.Build.0 = Release|Any CPU
		{F5E9BE65-14E5-4AFF-9AE3-B86080E57090}.Debug|Any CPU.ActiveCfg = Debug|Any CPU
		{F5E9BE65-14E5-4AFF-9AE3-B86080E57090}.Debug|Any CPU.Build.0 = Debug|Any CPU
		{F5E9BE65-14E5-4AFF-9AE3-B86080E57090}.Release|Any CPU.ActiveCfg = Release|Any CPU
		{F5E9BE65-14E5-4AFF-9AE3-B86080E57090}.Release|Any CPU.Build.0 = Release|Any CPU
		{B5A07F44-01CE-48BD-9DE2-3250B6A267F0}.Debug|Any CPU.ActiveCfg = Debug|Any CPU
		{B5A07F44-01CE-48BD-9DE2-3250B6A267F0}.Debug|Any CPU.Build.0 = Debug|Any CPU
		{B5A07F44-01CE-48BD-9DE2-3250B6A267F0}.Release|Any CPU.ActiveCfg = Release|Any CPU
		{B5A07F44-01CE-48BD-9DE2-3250B6A267F0}.Release|Any CPU.Build.0 = Release|Any CPU
		{56788FA2-664A-430C-B209-4E463AFE33A3}.Debug|Any CPU.ActiveCfg = Debug|Any CPU
		{56788FA2-664A-430C-B209-4E463AFE33A3}.Debug|Any CPU.Build.0 = Debug|Any CPU
		{56788FA2-664A-430C-B209-4E463AFE33A3}.Release|Any CPU.ActiveCfg = Release|Any CPU
		{56788FA2-664A-430C-B209-4E463AFE33A3}.Release|Any CPU.Build.0 = Release|Any CPU
	EndGlobalSection
	GlobalSection(SolutionProperties) = preSolution
		HideSolutionNode = FALSE
	EndGlobalSection
	GlobalSection(ExtensibilityGlobals) = postSolution
		SolutionGuid = {05E6256E-9EDF-4338-ABF8-DCCEE52C94D0}
	EndGlobalSection
EndGlobal
